{
  "name": "mob-first-di_gi",
  "lockfileVersion": 2,
  "requires": true,
  "packages": {
    "": {
      "dependencies": {
        "slick": "^1.12.2",
        "slick-slider": "^1.8.2"
      }
    },
    "node_modules/slick": {
      "version": "1.12.2",
      "resolved": "https://registry.npmjs.org/slick/-/slick-1.12.2.tgz",
      "integrity": "sha1-vQSN23TefRymkV+qSldXCzVQwtc=",
      "engines": {
        "node": "*"
      }
    },
    "node_modules/slick-slider": {
      "version": "1.8.2",
      "resolved": "https://registry.npmjs.org/slick-slider/-/slick-slider-1.8.2.tgz",
      "integrity": "sha512-/NGT7QzlC1/LNu198ad+rM8xJcgSXgiptUPbY0oMmtZ/8K2G9s6mMpLo7um6FIIQ135vUjsnP2gWY5DKJe2qJw=="
    }
  },
  "dependencies": {
    "slick": {
      "version": "1.12.2",
      "resolved": "https://registry.npmjs.org/slick/-/slick-1.12.2.tgz",
      "integrity": "sha1-vQSN23TefRymkV+qSldXCzVQwtc="
    },
    "slick-slider": {
      "version": "1.8.2",
      "resolved": "https://registry.npmjs.org/slick-slider/-/slick-slider-1.8.2.tgz",
      "integrity": "sha512-/NGT7QzlC1/LNu198ad+rM8xJcgSXgiptUPbY0oMmtZ/8K2G9s6mMpLo7um6FIIQ135vUjsnP2gWY5DKJe2qJw=="
    }
  }
}
